
Microsoft Visual Studio Solution File, Format Version 12.00
# Visual Studio Version 17
VisualStudioVersion = 17.14.36301.6 d17.14
MinimumVisualStudioVersion = 10.0.40219.1
Project("{FAE04EC0-301F-11D3-BF4B-00C04F79EFBC}") = "ProxyServer", "ProxyServer\ProxyServer.csproj", "{AA032F47-EC53-47D6-9CEA-237B86CC4005}"
EndProject
Global
	GlobalSection(SolutionConfigurationPlatforms) = preSolution
		Debug|Any CPU = Debug|Any CPU
		Release|Any CPU = Release|Any CPU
	EndGlobalSection
	GlobalSection(ProjectConfigurationPlatforms) = postSolution
		{AA032F47-EC53-47D6-9CEA-237B86CC4005}.Debug|Any CPU.ActiveCfg = Debug|Any CPU
		{AA032F47-EC53-47D6-9CEA-237B86CC4005}.Debug|Any CPU.Build.0 = Debug|Any CPU
		{AA032F47-EC53-47D6-9CEA-237B86CC4005}.Release|Any CPU.ActiveCfg = Release|Any CPU
		{AA032F47-EC53-47D6-9CEA-237B86CC4005}.Release|Any CPU.Build.0 = Release|Any CPU
	EndGlobalSection
	GlobalSection(SolutionProperties) = preSolution
		HideSolutionNode = FALSE
	EndGlobalSection
	GlobalSection(ExtensibilityGlobals) = postSolution
		SolutionGuid = {76C9B678-6523-4ED9-B9E5-ED5E3B340AEB}
	EndGlobalSection
EndGlobal
